{
  "name": "create-react-boilerplate-setup",
  "version": "1.0.6",
  "lockfileVersion": 3,
  "requires": true,
  "packages": {
    "": {
      "name": "create-react-boilerplate-setup",
      "version": "1.0.6",
      "license": "ISC",
      "dependencies": {
        "create-react-boilerplate-setup": "^1.0.6"
      },
      "bin": {
        "create-react-boilerplate-setup": "setup.sh"
      }
    },
    "node_modules/create-react-boilerplate-setup": {
      "version": "1.0.6",
      "resolved": "https://registry.npmjs.org/create-react-boilerplate-setup/-/create-react-boilerplate-setup-1.0.6.tgz",
      "integrity": "sha512-eVMY4Ub/y2dYgLBsF+QuDs5RB7pLxT0Xs3GQu8bIumJAgUMcsIXID13b0DWEqIPjOidG1bUU6H5VNKUpDKTYRw==",
      "bin": {
        "create-react-boilerplate-setup": "setup.sh"
      }
    }
  }
}
